{
  "object": {
    "pins": [
      {
        "package": "Socket",
        "repositoryURL": "https://github.com/IBM-Swift/BlueSocket",
        "state": {
          "branch": null,
          "revision": "49cab699e9f151eeb870ab93d14642425e824c19",
          "version": "1.0.49"
        }
      },
      {
        "package": "Cairo",
        "repositoryURL": "https://github.com/PureSwift/Cairo.git",
        "state": {
          "branch": null,
          "revision": "b5f867a56a20d2f0064ccb975ae4a669b374e9e0",
          "version": null
        }
      },
      {
        "package": "swift-log",
        "repositoryURL": "https://github.com/apple/swift-log.git",
        "state": {
          "branch": null,
          "revision": "74d7b91ceebc85daf387ebb206003f78813f71aa",
          "version": "1.2.0"
        }
      },
      {
        "package": "swift-nio",
        "repositoryURL": "https://github.com/apple/swift-nio.git",
        "state": {
          "branch": null,
          "revision": "32760eae40e6b7cb81d4d543bb0a9f548356d9a2",
          "version": "2.7.1"
        }
      },
      {
        "package": "swift-nio-ssl",
        "repositoryURL": "https://github.com/apple/swift-nio-ssl.git",
        "state": {
          "branch": null,
          "revision": "f5dd7a60ff56f501ff7bf9be753e4b1875bfaf20",
          "version": "2.4.0"
        }
      },
      {
        "package": "SwiftDiscord",
        "repositoryURL": "https://github.com/nuclearace/SwiftDiscord.git",
        "state": {
          "branch": null,
          "revision": "6f8503520e028cae17e06efd53f60b04585414a2",
          "version": null
        }
      },
      {
        "package": "SwiftSoup",
        "repositoryURL": "https://github.com/scinfu/SwiftSoup",
        "state": {
          "branch": null,
          "revision": "a2b316e9574c6904e08995290a975cb16693ac24",
          "version": "2.2.0"
        }
      },
      {
        "package": "websocket-kit",
        "repositoryURL": "https://github.com/vapor/websocket-kit",
        "state": {
          "branch": null,
          "revision": "d2fbfc28cb08e7a41644a92da16a383c8f9cc6f4",
          "version": null
        }
      }
    ]
  },
  "version": 1
}
