{
  "pins" : [
    {
      "identity" : "async-http-client",
      "kind" : "remoteSourceControl",
      "location" : "https://github.com/swift-server/async-http-client.git",
      "state" : {
        "revision" : "10f42e647a15d6e5c0e9de2e081761d23730a249",
        "version" : "1.13.0"
      }
    },
    {
      "identity" : "bigint",
      "kind" : "remoteSourceControl",
      "location" : "https://github.com/attaswift/BigInt.git",
      "state" : {
        "revision" : "0ed110f7555c34ff468e72e1686e59721f2b0da6",
        "version" : "5.3.0"
      }
    },
    {
      "identity" : "bluesocket",
      "kind" : "remoteSourceControl",
      "location" : "https://github.com/Kitura/BlueSocket.git",
      "state" : {
        "revision" : "7b23a867008e0027bfd6f4d398d44720707bc8ca",
        "version" : "2.0.4"
      }
    },
    {
      "identity" : "codablecsv",
      "kind" : "remoteSourceControl",
      "location" : "https://github.com/dehesa/CodableCSV.git",
      "state" : {
        "revision" : "99ace2cfdfbc19108b529c021005fb57a460e715",
        "version" : "0.6.7"
      }
    },
    {
      "identity" : "emoji-swift",
      "kind" : "remoteSourceControl",
      "location" : "https://github.com/safx/Emoji-Swift.git",
      "state" : {
        "revision" : "b3a49f4a9fbee3c7320591dbc7263c192244063e"
      }
    },
    {
      "identity" : "feedkit",
      "kind" : "remoteSourceControl",
      "location" : "https://github.com/nmdias/FeedKit.git",
      "state" : {
        "revision" : "68493a33d862c33c9a9f67ec729b3b7df1b20ade",
        "version" : "9.1.2"
      }
    },
    {
      "identity" : "graphviz",
      "kind" : "remoteSourceControl",
      "location" : "https://github.com/SwiftDocOrg/GraphViz.git",
      "state" : {
        "revision" : "74b6cbd8c5ecea9f64d84c4e1c88d65604dd033f",
        "version" : "0.4.1"
      }
    },
    {
      "identity" : "libtesseract",
      "kind" : "remoteSourceControl",
      "location" : "https://github.com/SwiftyTesseract/libtesseract.git",
      "state" : {
        "revision" : "214a36e04d740795d7ba2f07c6108944d0136f8a",
        "version" : "0.2.0"
      }
    },
    {
      "identity" : "linenoise-swift",
      "kind" : "remoteSourceControl",
      "location" : "https://github.com/andybest/linenoise-swift.git",
      "state" : {
        "revision" : "afc897c02b030af7333105c4fedcd843a8339238",
        "version" : "0.0.3"
      }
    },
    {
      "identity" : "nimble",
      "kind" : "remoteSourceControl",
      "location" : "https://github.com/Quick/Nimble.git",
      "state" : {
        "revision" : "e9d769113660769a4d9dd3afb855562c0b7ae7b0",
        "version" : "7.3.4"
      }
    },
    {
      "identity" : "niocronscheduler",
      "kind" : "remoteSourceControl",
      "location" : "https://github.com/MihaelIsaev/NIOCronScheduler.git",
      "state" : {
        "revision" : "c33c8af4a5836dc37ca675927f2fd030dbf8374e",
        "version" : "2.0.2"
      }
    },
    {
      "identity" : "perfect-sysinfo",
      "kind" : "remoteSourceControl",
      "location" : "https://github.com/PerfectlySoft/Perfect-SysInfo.git",
      "state" : {
        "revision" : "3aeca90d9aad656be9a5402a21f3f7ad99be2723",
        "version" : "3.0.0"
      }
    },
    {
      "identity" : "sqlite.swift",
      "kind" : "remoteSourceControl",
      "location" : "https://github.com/stephencelis/SQLite.swift",
      "state" : {
        "revision" : "4d543d811ee644fa4cc4bfa0be996b4dd6ba0f54",
        "version" : "0.13.3"
      }
    },
    {
      "identity" : "swifcron",
      "kind" : "remoteSourceControl",
      "location" : "https://github.com/MihaelIsaev/SwifCron.git",
      "state" : {
        "revision" : "effe20321342705e66894d86720c5882e2f4095e",
        "version" : "1.3.1"
      }
    },
    {
      "identity" : "swift-argument-parser",
      "kind" : "remoteSourceControl",
      "location" : "https://github.com/apple/swift-argument-parser.git",
      "state" : {
        "revision" : "9564d61b08a5335ae0a36f789a7d71493eacadfc",
        "version" : "0.3.2"
      }
    },
    {
      "identity" : "swift-atomics",
      "kind" : "remoteSourceControl",
      "location" : "https://github.com/apple/swift-atomics.git",
      "state" : {
        "revision" : "919eb1d83e02121cdb434c7bfc1f0c66ef17febe",
        "version" : "1.0.2"
      }
    },
    {
      "identity" : "swift-backtrace",
      "kind" : "remoteSourceControl",
      "location" : "https://github.com/swift-server/swift-backtrace.git",
      "state" : {
        "revision" : "f25620d5d05e2f1ba27154b40cafea2b67566956",
        "version" : "1.3.3"
      }
    },
    {
      "identity" : "swift-cairo",
      "kind" : "remoteSourceControl",
      "location" : "https://github.com/fwcd/swift-cairo.git",
      "state" : {
        "revision" : "389ad220eef69e315713ce3f6b23bb5437eb09c3",
        "version" : "1.3.3"
      }
    },
    {
      "identity" : "swift-collections",
      "kind" : "remoteSourceControl",
      "location" : "https://github.com/apple/swift-collections.git",
      "state" : {
        "revision" : "f504716c27d2e5d4144fa4794b12129301d17729",
        "version" : "1.0.3"
      }
    },
    {
      "identity" : "swift-discord",
      "kind" : "remoteSourceControl",
      "location" : "https://github.com/fwcd/swift-discord.git",
      "state" : {
        "revision" : "1723754de32e40ebee9e512f1a202915ff677313",
        "version" : "10.1.0"
      }
    },
    {
      "identity" : "swift-gif",
      "kind" : "remoteSourceControl",
      "location" : "https://github.com/fwcd/swift-gif.git",
      "state" : {
        "revision" : "a82272eb8a4003e30331756eab5c37c257c07fd5",
        "version" : "2.1.0"
      }
    },
    {
      "identity" : "swift-graphics",
      "kind" : "remoteSourceControl",
      "location" : "https://github.com/fwcd/swift-graphics.git",
      "state" : {
        "revision" : "d57c3f5b4deb36009301ae3628bb2400f466c8e4",
        "version" : "2.1.0"
      }
    },
    {
      "identity" : "swift-log",
      "kind" : "remoteSourceControl",
      "location" : "https://github.com/apple/swift-log.git",
      "state" : {
        "revision" : "6fe203dc33195667ce1759bf0182975e4653ba1c",
        "version" : "1.4.4"
      }
    },
    {
      "identity" : "swift-mensa",
      "kind" : "remoteSourceControl",
      "location" : "https://github.com/fwcd/swift-mensa.git",
      "state" : {
        "revision" : "19a19f1b8b512d65b93c83194cce7a308af81cc9",
        "version" : "0.1.4"
      }
    },
    {
      "identity" : "swift-music-theory",
      "kind" : "remoteSourceControl",
      "location" : "https://github.com/fwcd/swift-music-theory.git",
      "state" : {
        "revision" : "668a81476a870d2a10facba183569797c67989f3",
        "version" : "0.1.0"
      }
    },
    {
      "identity" : "swift-nio",
      "kind" : "remoteSourceControl",
      "location" : "https://github.com/apple/swift-nio.git",
      "state" : {
        "revision" : "edfceecba13d68c1c993382806e72f7e96feaa86",
        "version" : "2.44.0"
      }
    },
    {
      "identity" : "swift-nio-extras",
      "kind" : "remoteSourceControl",
      "location" : "https://github.com/apple/swift-nio-extras.git",
      "state" : {
        "revision" : "91dd2d61fb772e1311bb5f13b59266b579d77e42",
        "version" : "1.15.0"
      }
    },
    {
      "identity" : "swift-nio-http2",
      "kind" : "remoteSourceControl",
      "location" : "https://github.com/apple/swift-nio-http2.git",
      "state" : {
        "revision" : "d6656967f33ed8b368b38e4b198631fc7c484a40",
        "version" : "1.23.1"
      }
    },
    {
      "identity" : "swift-nio-irc",
      "kind" : "remoteSourceControl",
      "location" : "https://github.com/SwiftNIOExtras/swift-nio-irc.git",
      "state" : {
        "revision" : "782e6d3bcd892efaedc9c530b2d5c5fbb42a680e",
        "version" : "0.8.2"
      }
    },
    {
      "identity" : "swift-nio-irc-client",
      "kind" : "remoteSourceControl",
      "location" : "https://github.com/NozeIO/swift-nio-irc-client.git",
      "state" : {
        "revision" : "7a0b7d4cde33614b7b0af193cd8ff0f7f305eb77",
        "version" : "0.8.1"
      }
    },
    {
      "identity" : "swift-nio-ssl",
      "kind" : "remoteSourceControl",
      "location" : "https://github.com/apple/swift-nio-ssl.git",
      "state" : {
        "revision" : "4fb7ead803e38949eb1d6fabb849206a72c580f3",
        "version" : "2.23.0"
      }
    },
    {
      "identity" : "swift-nio-transport-services",
      "kind" : "remoteSourceControl",
      "location" : "https://github.com/apple/swift-nio-transport-services",
      "state" : {
        "revision" : "8ab824b140d0ebcd87e9149266ddc353e3705a3e",
        "version" : "1.11.4"
      }
    },
    {
      "identity" : "swift-prolog",
      "kind" : "remoteSourceControl",
      "location" : "https://github.com/fwcd/swift-prolog.git",
      "state" : {
        "revision" : "92f3f37b748f5de75f97636c74c4f48af44674a2",
        "version" : "0.1.0"
      }
    },
    {
      "identity" : "swift-qrcode-generator",
      "kind" : "remoteSourceControl",
      "location" : "https://github.com/fwcd/swift-qrcode-generator.git",
      "state" : {
        "revision" : "5ca09b6a2ad190f94aa3d6ddef45b187f8c0343b",
        "version" : "1.0.3"
      }
    },
    {
      "identity" : "swift-utils",
      "kind" : "remoteSourceControl",
      "location" : "https://github.com/fwcd/swift-utils.git",
      "state" : {
        "revision" : "7101c523c5986cecc3c667662aba66805ea6e7ce",
        "version" : "2.0.0"
      }
    },
    {
      "identity" : "swiftplot",
      "kind" : "remoteSourceControl",
      "location" : "https://github.com/KarthikRIyer/swiftplot.git",
      "state" : {
        "revision" : "36f46087d36de0375d6245e767b33b3efcb7dc30"
      }
    },
    {
      "identity" : "swiftsoup",
      "kind" : "remoteSourceControl",
      "location" : "https://github.com/scinfu/SwiftSoup.git",
      "state" : {
        "revision" : "6778575285177365cbad3e5b8a72f2a20583cfec",
        "version" : "2.4.3"
      }
    },
    {
      "identity" : "swiftytesseract",
      "kind" : "remoteSourceControl",
      "location" : "https://github.com/SwiftyTesseract/SwiftyTesseract.git",
      "state" : {
        "revision" : "1393d15d0278673dd89f2ba21d3fb748f99e02ce",
        "version" : "4.0.1"
      }
    },
    {
      "identity" : "syllable-counter-swift",
      "kind" : "remoteSourceControl",
      "location" : "https://github.com/wfreitag/syllable-counter-swift.git",
      "state" : {
        "revision" : "029c8568b4d060174284fdedd7473863768a903b"
      }
    },
    {
      "identity" : "websocket-kit",
      "kind" : "remoteSourceControl",
      "location" : "https://github.com/vapor/websocket-kit.git",
      "state" : {
        "revision" : "2d9d2188a08eef4a869d368daab21b3c08510991",
        "version" : "2.6.1"
      }
    },
    {
      "identity" : "xmlcoder",
      "kind" : "remoteSourceControl",
      "location" : "https://github.com/MaxDesiatov/XMLCoder.git",
      "state" : {
        "revision" : "f30119af03996939cc4f54e0bf0dda9f88a84da5",
        "version" : "0.13.1"
      }
    }
  ],
  "version" : 2
}
