{
  "originHash" : "5a3bb9d3095800322fdf96cf6a1ec9f3522bdcd000e3962f868ac11c28d907f1",
  "pins" : [
    {
      "identity" : "async-http-client",
      "kind" : "remoteSourceControl",
      "location" : "https://github.com/swift-server/async-http-client.git",
      "state" : {
        "revision" : "291438696abdd48d2a83b52465c176efbd94512b",
        "version" : "1.20.1"
      }
    },
    {
      "identity" : "bigint",
      "kind" : "remoteSourceControl",
      "location" : "https://github.com/attaswift/BigInt.git",
      "state" : {
        "revision" : "0ed110f7555c34ff468e72e1686e59721f2b0da6",
        "version" : "5.3.0"
      }
    },
    {
      "identity" : "bluesocket",
      "kind" : "remoteSourceControl",
      "location" : "https://github.com/Kitura/BlueSocket.git",
      "state" : {
        "revision" : "7b23a867008e0027bfd6f4d398d44720707bc8ca",
        "version" : "2.0.4"
      }
    },
    {
      "identity" : "codablecsv",
      "kind" : "remoteSourceControl",
      "location" : "https://github.com/dehesa/CodableCSV.git",
      "state" : {
        "revision" : "99ace2cfdfbc19108b529c021005fb57a460e715",
        "version" : "0.6.7"
      }
    },
    {
      "identity" : "emoji-swift",
      "kind" : "remoteSourceControl",
      "location" : "https://github.com/safx/Emoji-Swift.git",
      "state" : {
        "revision" : "b3a49f4a9fbee3c7320591dbc7263c192244063e"
      }
    },
    {
      "identity" : "feedkit",
      "kind" : "remoteSourceControl",
      "location" : "https://github.com/nmdias/FeedKit.git",
      "state" : {
        "revision" : "68493a33d862c33c9a9f67ec729b3b7df1b20ade",
        "version" : "9.1.2"
      }
    },
    {
      "identity" : "linenoise-swift",
      "kind" : "remoteSourceControl",
      "location" : "https://github.com/andybest/linenoise-swift.git",
      "state" : {
        "revision" : "afc897c02b030af7333105c4fedcd843a8339238",
        "version" : "0.0.3"
      }
    },
    {
      "identity" : "nimble",
      "kind" : "remoteSourceControl",
      "location" : "https://github.com/Quick/Nimble.git",
      "state" : {
        "revision" : "e9d769113660769a4d9dd3afb855562c0b7ae7b0",
        "version" : "7.3.4"
      }
    },
    {
      "identity" : "niocronscheduler",
      "kind" : "remoteSourceControl",
      "location" : "https://github.com/MihaelIsaev/NIOCronScheduler.git",
      "state" : {
        "revision" : "aa67f5efde1c728772fcfc21a862412df83f14f1",
        "version" : "2.1.0"
      }
    },
    {
      "identity" : "perfect-sysinfo",
      "kind" : "remoteSourceControl",
      "location" : "https://github.com/PerfectlySoft/Perfect-SysInfo.git",
      "state" : {
        "revision" : "3aeca90d9aad656be9a5402a21f3f7ad99be2723",
        "version" : "3.0.0"
      }
    },
    {
      "identity" : "sqlite.swift",
      "kind" : "remoteSourceControl",
      "location" : "https://github.com/stephencelis/SQLite.swift",
      "state" : {
        "revision" : "7a2e3cd27de56f6d396e84f63beefd0267b55ccb",
        "version" : "0.14.1"
      }
    },
    {
      "identity" : "swifcron",
      "kind" : "remoteSourceControl",
      "location" : "https://github.com/MihaelIsaev/SwifCron.git",
      "state" : {
        "revision" : "51d388da749b002522261e6fe4171acf93ee1b74",
        "version" : "2.0.0"
      }
    },
    {
      "identity" : "swift-algorithms",
      "kind" : "remoteSourceControl",
      "location" : "https://github.com/apple/swift-algorithms",
      "state" : {
        "revision" : "f6919dfc309e7f1b56224378b11e28bab5bccc42",
        "version" : "1.2.0"
      }
    },
    {
      "identity" : "swift-argument-parser",
      "kind" : "remoteSourceControl",
      "location" : "https://github.com/apple/swift-argument-parser.git",
      "state" : {
        "revision" : "0fbc8848e389af3bb55c182bc19ca9d5dc2f255b",
        "version" : "1.4.0"
      }
    },
    {
      "identity" : "swift-atomics",
      "kind" : "remoteSourceControl",
      "location" : "https://github.com/apple/swift-atomics.git",
      "state" : {
        "revision" : "cd142fd2f64be2100422d658e7411e39489da985",
        "version" : "1.2.0"
      }
    },
    {
      "identity" : "swift-backtrace",
      "kind" : "remoteSourceControl",
      "location" : "https://github.com/swift-server/swift-backtrace.git",
      "state" : {
        "revision" : "80746bdd0ac8a7d83aad5d89dac3cbf15de652e6",
        "version" : "1.3.4"
      }
    },
    {
      "identity" : "swift-cairo",
      "kind" : "remoteSourceControl",
      "location" : "https://github.com/fwcd/swift-cairo.git",
      "state" : {
        "revision" : "9654454540ed412249259f310aa8b658b4359bc2",
        "version" : "1.3.4"
      }
    },
    {
      "identity" : "swift-collections",
      "kind" : "remoteSourceControl",
      "location" : "https://github.com/apple/swift-collections.git",
      "state" : {
        "revision" : "94cf62b3ba8d4bed62680a282d4c25f9c63c2efb",
        "version" : "1.1.0"
      }
    },
    {
      "identity" : "swift-discord",
      "kind" : "remoteSourceControl",
      "location" : "https://github.com/fwcd/swift-discord.git",
      "state" : {
        "revision" : "2f8b9079488b0d8f78377a8d7ac6d6669efcc381",
        "version" : "13.0.0"
      }
    },
    {
      "identity" : "swift-geodesy",
      "kind" : "remoteSourceControl",
      "location" : "https://github.com/fwcd/swift-geodesy.git",
      "state" : {
        "revision" : "1eae39a90ff057da486681d4a194d13b0139fa08",
        "version" : "0.2.8"
      }
    },
    {
      "identity" : "swift-gif",
      "kind" : "remoteSourceControl",
      "location" : "https://github.com/fwcd/swift-gif.git",
      "state" : {
        "revision" : "31287229e596989f527105fe082672f6fb64fe4d",
        "version" : "4.0.0"
      }
    },
    {
      "identity" : "swift-graphics",
      "kind" : "remoteSourceControl",
      "location" : "https://github.com/fwcd/swift-graphics.git",
      "state" : {
        "revision" : "d761f1856b3e6f9472d4d06db9bce9106f0650ca",
        "version" : "4.0.3"
      }
    },
    {
      "identity" : "swift-graphviz",
      "kind" : "remoteSourceControl",
      "location" : "https://github.com/fwcd/swift-graphviz.git",
      "state" : {
        "revision" : "a926a078dc60109fffd4c4c4f464e9259ad51452",
        "version" : "0.5.0"
      }
    },
    {
      "identity" : "swift-http-types",
      "kind" : "remoteSourceControl",
      "location" : "https://github.com/apple/swift-http-types",
      "state" : {
        "revision" : "12358d55a3824bd5fed310b999ea8cf83a9a1a65",
        "version" : "1.0.3"
      }
    },
    {
      "identity" : "swift-log",
      "kind" : "remoteSourceControl",
      "location" : "https://github.com/apple/swift-log.git",
      "state" : {
        "revision" : "9cb486020ebf03bfa5b5df985387a14a98744537",
        "version" : "1.6.1"
      }
    },
    {
      "identity" : "swift-mensa",
      "kind" : "remoteSourceControl",
      "location" : "https://github.com/fwcd/swift-mensa.git",
      "state" : {
        "revision" : "fc5d1724e4d7cb966161d1cfa4f2a78b2a9cdadc",
        "version" : "0.2.0"
      }
    },
    {
      "identity" : "swift-music-theory",
      "kind" : "remoteSourceControl",
      "location" : "https://github.com/fwcd/swift-music-theory.git",
      "state" : {
        "revision" : "a02e380c5479dee7d17c42b83ac8908a7d316fd8",
        "version" : "0.2.0"
      }
    },
    {
      "identity" : "swift-nio",
      "kind" : "remoteSourceControl",
      "location" : "https://github.com/apple/swift-nio.git",
      "state" : {
        "revision" : "635b2589494c97e48c62514bc8b37ced762e0a62",
        "version" : "2.63.0"
      }
    },
    {
      "identity" : "swift-nio-extras",
      "kind" : "remoteSourceControl",
      "location" : "https://github.com/apple/swift-nio-extras.git",
      "state" : {
        "revision" : "363da63c1966405764f380c627409b2f9d9e710b",
        "version" : "1.21.0"
      }
    },
    {
      "identity" : "swift-nio-http2",
      "kind" : "remoteSourceControl",
      "location" : "https://github.com/apple/swift-nio-http2.git",
      "state" : {
        "revision" : "0904bf0feb5122b7e5c3f15db7df0eabe623dd87",
        "version" : "1.30.0"
      }
    },
    {
      "identity" : "swift-nio-irc",
      "kind" : "remoteSourceControl",
      "location" : "https://github.com/SwiftNIOExtras/swift-nio-irc.git",
      "state" : {
        "revision" : "782e6d3bcd892efaedc9c530b2d5c5fbb42a680e",
        "version" : "0.8.2"
      }
    },
    {
      "identity" : "swift-nio-irc-client",
      "kind" : "remoteSourceControl",
      "location" : "https://github.com/NozeIO/swift-nio-irc-client.git",
      "state" : {
        "revision" : "7a0b7d4cde33614b7b0af193cd8ff0f7f305eb77",
        "version" : "0.8.1"
      }
    },
    {
      "identity" : "swift-nio-ssl",
      "kind" : "remoteSourceControl",
      "location" : "https://github.com/apple/swift-nio-ssl.git",
      "state" : {
        "revision" : "7c381eb6083542b124a6c18fae742f55001dc2b5",
        "version" : "2.26.0"
      }
    },
    {
      "identity" : "swift-nio-transport-services",
      "kind" : "remoteSourceControl",
      "location" : "https://github.com/apple/swift-nio-transport-services.git",
      "state" : {
        "revision" : "6cbe0ed2b394f21ab0d46b9f0c50c6be964968ce",
        "version" : "1.20.1"
      }
    },
    {
      "identity" : "swift-numerics",
      "kind" : "remoteSourceControl",
      "location" : "https://github.com/apple/swift-numerics.git",
      "state" : {
        "revision" : "0a5bc04095a675662cf24757cc0640aa2204253b",
        "version" : "1.0.2"
      }
    },
    {
      "identity" : "swift-prolog",
      "kind" : "remoteSourceControl",
      "location" : "https://github.com/fwcd/swift-prolog.git",
      "state" : {
        "revision" : "92f3f37b748f5de75f97636c74c4f48af44674a2",
        "version" : "0.1.0"
      }
    },
    {
      "identity" : "swift-qrcode-generator",
      "kind" : "remoteSourceControl",
      "location" : "https://github.com/fwcd/swift-qrcode-generator.git",
      "state" : {
        "revision" : "5ca09b6a2ad190f94aa3d6ddef45b187f8c0343b",
        "version" : "1.0.3"
      }
    },
    {
      "identity" : "swift-static-map",
      "kind" : "remoteSourceControl",
      "location" : "https://github.com/fwcd/swift-static-map.git",
      "state" : {
        "revision" : "e0020edc8d8b812cd5b90e793c1aef0244f2c6b3",
        "version" : "0.5.0"
      }
    },
    {
      "identity" : "swift-system",
      "kind" : "remoteSourceControl",
      "location" : "https://github.com/apple/swift-system.git",
      "state" : {
        "revision" : "025bcb1165deab2e20d4eaba79967ce73013f496",
        "version" : "1.2.1"
      }
    },
    {
      "identity" : "swift-utils",
      "kind" : "remoteSourceControl",
      "location" : "https://github.com/fwcd/swift-utils.git",
      "state" : {
        "revision" : "6dfb8757b12b422581dfe8a5c9540830b920d29f",
        "version" : "4.2.10"
      }
    },
    {
      "identity" : "swiftplot",
      "kind" : "remoteSourceControl",
      "location" : "https://github.com/KarthikRIyer/swiftplot.git",
      "state" : {
        "revision" : "9549e4597d1c090a6f58859545868d4750b5d6c4"
      }
    },
    {
      "identity" : "swiftsoup",
      "kind" : "remoteSourceControl",
      "location" : "https://github.com/scinfu/SwiftSoup.git",
      "state" : {
        "revision" : "3c2c7e1e72b8abd96eafbae80323c5c1e5317437",
        "version" : "2.7.5"
      }
    },
    {
      "identity" : "syllable-counter-swift",
      "kind" : "remoteSourceControl",
      "location" : "https://github.com/wfreitag/syllable-counter-swift.git",
      "state" : {
        "revision" : "029c8568b4d060174284fdedd7473863768a903b"
      }
    },
    {
      "identity" : "websocket-kit",
      "kind" : "remoteSourceControl",
      "location" : "https://github.com/vapor/websocket-kit.git",
      "state" : {
        "revision" : "53fe0639a98903858d0196b699720decb42aee7b",
        "version" : "2.14.0"
      }
    },
    {
      "identity" : "xmlcoder",
      "kind" : "remoteSourceControl",
      "location" : "https://github.com/MaxDesiatov/XMLCoder.git",
      "state" : {
        "revision" : "b1e944cbd0ef33787b13f639a5418d55b3bed501",
        "version" : "0.17.1"
      }
    }
  ],
  "version" : 3
}
