{
    "name": "llm-chat-client",
    "version": "0.0.1",
    "lockfileVersion": 3,
    "requires": true,
    "packages": {
        "": {
            "name": "llm-chat-client",
            "version": "0.0.1",
            "license": "ISC",
            "dependencies": {
                "@gradio/client": "^1.5.2"
            }
        },
        "node_modules/@bundled-es-modules/cookie": {
            "version": "2.0.0",
            "resolved": "https://registry.npmjs.org/@bundled-es-modules/cookie/-/cookie-2.0.0.tgz",
            "integrity": "sha512-Or6YHg/kamKHpxULAdSqhGqnWFneIXu1NKvvfBBzKGwpVsYuFIQ5aBPHDnnoR3ghW1nvSkALd+EF9iMtY7Vjxw==",
            "license": "ISC",
            "dependencies": {
                "cookie": "^0.5.0"
            }
        },
        "node_modules/@bundled-es-modules/statuses": {
            "version": "1.0.1",
            "resolved": "https://registry.npmjs.org/@bundled-es-modules/statuses/-/statuses-1.0.1.tgz",
            "integrity": "sha512-yn7BklA5acgcBr+7w064fGV+SGIFySjCKpqjcWgBAIfrAkY+4GQTJJHQMeT3V/sgz23VTEVV8TtOmkvJAhFVfg==",
            "license": "ISC",
            "dependencies": {
                "statuses": "^2.0.1"
            }
        },
        "node_modules/@bundled-es-modules/tough-cookie": {
            "version": "0.1.6",
            "resolved": "https://registry.npmjs.org/@bundled-es-modules/tough-cookie/-/tough-cookie-0.1.6.tgz",
            "integrity": "sha512-dvMHbL464C0zI+Yqxbz6kZ5TOEp7GLW+pry/RWndAR8MJQAXZ2rPmIs8tziTZjeIyhSNZgZbCePtfSbdWqStJw==",
            "license": "ISC",
            "dependencies": {
                "@types/tough-cookie": "^4.0.5",
                "tough-cookie": "^4.1.4"
            }
        },
        "node_modules/@gradio/client": {
            "version": "1.5.2",
            "resolved": "https://registry.npmjs.org/@gradio/client/-/client-1.5.2.tgz",
            "integrity": "sha512-PJbt8n3ROxDXrR55D8oPYPIIkdmG5ksyljtgNM6Kr/FgTMTwGqiiYDdoyUIGwQSBu6g+jan2zbHoniDZePw3pg==",
            "license": "ISC",
            "dependencies": {
                "@types/eventsource": "^1.1.15",
                "bufferutil": "^4.0.7",
                "eventsource": "^2.0.2",
                "fetch-event-stream": "^0.1.5",
                "msw": "^2.2.1",
                "semiver": "^1.1.0",
                "textlinestream": "^1.1.1",
                "typescript": "^5.0.0",
                "ws": "^8.13.0"
            },
            "engines": {
                "node": ">=18.0.0"
            }
        },
        "node_modules/@inquirer/confirm": {
            "version": "3.2.0",
            "resolved": "https://registry.npmjs.org/@inquirer/confirm/-/confirm-3.2.0.tgz",
            "integrity": "sha512-oOIwPs0Dvq5220Z8lGL/6LHRTEr9TgLHmiI99Rj1PJ1p1czTys+olrgBqZk4E2qC0YTzeHprxSQmoHioVdJ7Lw==",
            "license": "MIT",
            "dependencies": {
                "@inquirer/core": "^9.1.0",
                "@inquirer/type": "^1.5.3"
            },
            "engines": {
                "node": ">=18"
            }
        },
        "node_modules/@inquirer/core": {
            "version": "9.2.1",
            "resolved": "https://registry.npmjs.org/@inquirer/core/-/core-9.2.1.tgz",
            "integrity": "sha512-F2VBt7W/mwqEU4bL0RnHNZmC/OxzNx9cOYxHqnXX3MP6ruYvZUZAW9imgN9+h/uBT/oP8Gh888J2OZSbjSeWcg==",
            "license": "MIT",
            "dependencies": {
                "@inquirer/figures": "^1.0.6",
                "@inquirer/type": "^2.0.0",
                "@types/mute-stream": "^0.0.4",
                "@types/node": "^22.5.5",
                "@types/wrap-ansi": "^3.0.0",
                "ansi-escapes": "^4.3.2",
                "cli-width": "^4.1.0",
                "mute-stream": "^1.0.0",
                "signal-exit": "^4.1.0",
                "strip-ansi": "^6.0.1",
                "wrap-ansi": "^6.2.0",
                "yoctocolors-cjs": "^2.1.2"
            },
            "engines": {
                "node": ">=18"
            }
        },
        "node_modules/@inquirer/core/node_modules/@inquirer/type": {
            "version": "2.0.0",
            "resolved": "https://registry.npmjs.org/@inquirer/type/-/type-2.0.0.tgz",
            "integrity": "sha512-XvJRx+2KR3YXyYtPUUy+qd9i7p+GO9Ko6VIIpWlBrpWwXDv8WLFeHTxz35CfQFUiBMLXlGHhGzys7lqit9gWag==",
            "license": "MIT",
            "dependencies": {
                "mute-stream": "^1.0.0"
            },
            "engines": {
                "node": ">=18"
            }
        },
        "node_modules/@inquirer/figures": {
            "version": "1.0.6",
            "resolved": "https://registry.npmjs.org/@inquirer/figures/-/figures-1.0.6.tgz",
            "integrity": "sha512-yfZzps3Cso2UbM7WlxKwZQh2Hs6plrbjs1QnzQDZhK2DgyCo6D8AaHps9olkNcUFlcYERMqU3uJSp1gmy3s/qQ==",
            "license": "MIT",
            "engines": {
                "node": ">=18"
            }
        },
        "node_modules/@inquirer/type": {
            "version": "1.5.5",
            "resolved": "https://registry.npmjs.org/@inquirer/type/-/type-1.5.5.tgz",
            "integrity": "sha512-MzICLu4yS7V8AA61sANROZ9vT1H3ooca5dSmI1FjZkzq7o/koMsRfQSzRtFo+F3Ao4Sf1C0bpLKejpKB/+j6MA==",
            "license": "MIT",
            "dependencies": {
                "mute-stream": "^1.0.0"
            },
            "engines": {
                "node": ">=18"
            }
        },
        "node_modules/@mswjs/interceptors": {
            "version": "0.35.6",
            "resolved": "https://registry.npmjs.org/@mswjs/interceptors/-/interceptors-0.35.6.tgz",
            "integrity": "sha512-PpD687w7qLxVMK176bpQjbzU9O0VC75QnBK5U1lKd29s4hIuxfTItUD6raNKyQ6BN8b64/8HE34RuYTkwH9uPQ==",
            "license": "MIT",
            "dependencies": {
                "@open-draft/deferred-promise": "^2.2.0",
                "@open-draft/logger": "^0.3.0",
                "@open-draft/until": "^2.0.0",
                "is-node-process": "^1.2.0",
                "outvariant": "^1.4.3",
                "strict-event-emitter": "^0.5.1"
            },
            "engines": {
                "node": ">=18"
            }
        },
        "node_modules/@open-draft/deferred-promise": {
            "version": "2.2.0",
            "resolved": "https://registry.npmjs.org/@open-draft/deferred-promise/-/deferred-promise-2.2.0.tgz",
            "integrity": "sha512-CecwLWx3rhxVQF6V4bAgPS5t+So2sTbPgAzafKkVizyi7tlwpcFpdFqq+wqF2OwNBmqFuu6tOyouTuxgpMfzmA==",
            "license": "MIT"
        },
        "node_modules/@open-draft/logger": {
            "version": "0.3.0",
            "resolved": "https://registry.npmjs.org/@open-draft/logger/-/logger-0.3.0.tgz",
            "integrity": "sha512-X2g45fzhxH238HKO4xbSr7+wBS8Fvw6ixhTDuvLd5mqh6bJJCFAPwU9mPDxbcrRtfxv4u5IHCEH77BmxvXmmxQ==",
            "license": "MIT",
            "dependencies": {
                "is-node-process": "^1.2.0",
                "outvariant": "^1.4.0"
            }
        },
        "node_modules/@open-draft/until": {
            "version": "2.1.0",
            "resolved": "https://registry.npmjs.org/@open-draft/until/-/until-2.1.0.tgz",
            "integrity": "sha512-U69T3ItWHvLwGg5eJ0n3I62nWuE6ilHlmz7zM0npLBRvPRd7e6NYmg54vvRtP5mZG7kZqZCFVdsTWo7BPtBujg==",
            "license": "MIT"
        },
        "node_modules/@types/cookie": {
            "version": "0.6.0",
            "resolved": "https://registry.npmjs.org/@types/cookie/-/cookie-0.6.0.tgz",
            "integrity": "sha512-4Kh9a6B2bQciAhf7FSuMRRkUWecJgJu9nPnx3yzpsfXX/c50REIqpHY4C82bXP90qrLtXtkDxTZosYO3UpOwlA==",
            "license": "MIT"
        },
        "node_modules/@types/eventsource": {
            "version": "1.1.15",
            "resolved": "https://registry.npmjs.org/@types/eventsource/-/eventsource-1.1.15.tgz",
            "integrity": "sha512-XQmGcbnxUNa06HR3VBVkc9+A2Vpi9ZyLJcdS5dwaQQ/4ZMWFO+5c90FnMUpbtMZwB/FChoYHwuVg8TvkECacTA==",
            "license": "MIT"
        },
        "node_modules/@types/mute-stream": {
            "version": "0.0.4",
            "resolved": "https://registry.npmjs.org/@types/mute-stream/-/mute-stream-0.0.4.tgz",
            "integrity": "sha512-CPM9nzrCPPJHQNA9keH9CVkVI+WR5kMa+7XEs5jcGQ0VoAGnLv242w8lIVgwAEfmE4oufJRaTc9PNLQl0ioAow==",
            "license": "MIT",
            "dependencies": {
                "@types/node": "*"
            }
        },
        "node_modules/@types/node": {
            "version": "22.5.5",
            "resolved": "https://registry.npmjs.org/@types/node/-/node-22.5.5.tgz",
            "integrity": "sha512-Xjs4y5UPO/CLdzpgR6GirZJx36yScjh73+2NlLlkFRSoQN8B0DpfXPdZGnvVmLRLOsqDpOfTNv7D9trgGhmOIA==",
            "license": "MIT",
            "dependencies": {
                "undici-types": "~6.19.2"
            }
        },
        "node_modules/@types/statuses": {
            "version": "2.0.5",
            "resolved": "https://registry.npmjs.org/@types/statuses/-/statuses-2.0.5.tgz",
            "integrity": "sha512-jmIUGWrAiwu3dZpxntxieC+1n/5c3mjrImkmOSQ2NC5uP6cYO4aAZDdSmRcI5C1oiTmqlZGHC+/NmJrKogbP5A==",
            "license": "MIT"
        },
        "node_modules/@types/tough-cookie": {
            "version": "4.0.5",
            "resolved": "https://registry.npmjs.org/@types/tough-cookie/-/tough-cookie-4.0.5.tgz",
            "integrity": "sha512-/Ad8+nIOV7Rl++6f1BdKxFSMgmoqEoYbHRpPcx3JEfv8VRsQe9Z4mCXeJBzxs7mbHY/XOZZuXlRNfhpVPbs6ZA==",
            "license": "MIT"
        },
        "node_modules/@types/wrap-ansi": {
            "version": "3.0.0",
            "resolved": "https://registry.npmjs.org/@types/wrap-ansi/-/wrap-ansi-3.0.0.tgz",
            "integrity": "sha512-ltIpx+kM7g/MLRZfkbL7EsCEjfzCcScLpkg37eXEtx5kmrAKBkTJwd1GIAjDSL8wTpM6Hzn5YO4pSb91BEwu1g==",
            "license": "MIT"
        },
        "node_modules/ansi-escapes": {
            "version": "4.3.2",
            "resolved": "https://registry.npmjs.org/ansi-escapes/-/ansi-escapes-4.3.2.tgz",
            "integrity": "sha512-gKXj5ALrKWQLsYG9jlTRmR/xKluxHV+Z9QEwNIgCfM1/uwPMCuzVVnh5mwTd+OuBZcwSIMbqssNWRm1lE51QaQ==",
            "license": "MIT",
            "dependencies": {
                "type-fest": "^0.21.3"
            },
            "engines": {
                "node": ">=8"
            },
            "funding": {
                "url": "https://github.com/sponsors/sindresorhus"
            }
        },
        "node_modules/ansi-escapes/node_modules/type-fest": {
            "version": "0.21.3",
            "resolved": "https://registry.npmjs.org/type-fest/-/type-fest-0.21.3.tgz",
            "integrity": "sha512-t0rzBq87m3fVcduHDUFhKmyyX+9eo6WQjZvf51Ea/M0Q7+T374Jp1aUiyUl0GKxp8M/OETVHSDvmkyPgvX+X2w==",
            "license": "(MIT OR CC0-1.0)",
            "engines": {
                "node": ">=10"
            },
            "funding": {
                "url": "https://github.com/sponsors/sindresorhus"
            }
        },
        "node_modules/ansi-regex": {
            "version": "5.0.1",
            "resolved": "https://registry.npmjs.org/ansi-regex/-/ansi-regex-5.0.1.tgz",
            "integrity": "sha512-quJQXlTSUGL2LH9SUXo8VwsY4soanhgo6LNSm84E1LBcE8s3O0wpdiRzyR9z/ZZJMlMWv37qOOb9pdJlMUEKFQ==",
            "license": "MIT",
            "engines": {
                "node": ">=8"
            }
        },
        "node_modules/ansi-styles": {
            "version": "4.3.0",
            "resolved": "https://registry.npmjs.org/ansi-styles/-/ansi-styles-4.3.0.tgz",
            "integrity": "sha512-zbB9rCJAT1rbjiVDb2hqKFHNYLxgtk8NURxZ3IZwD3F6NtxbXZQCnnSi1Lkx+IDohdPlFp222wVALIheZJQSEg==",
            "license": "MIT",
            "dependencies": {
                "color-convert": "^2.0.1"
            },
            "engines": {
                "node": ">=8"
            },
            "funding": {
                "url": "https://github.com/chalk/ansi-styles?sponsor=1"
            }
        },
        "node_modules/bufferutil": {
            "version": "4.0.8",
            "resolved": "https://registry.npmjs.org/bufferutil/-/bufferutil-4.0.8.tgz",
            "integrity": "sha512-4T53u4PdgsXqKaIctwF8ifXlRTTmEPJ8iEPWFdGZvcf7sbwYo6FKFEX9eNNAnzFZ7EzJAQ3CJeOtCRA4rDp7Pw==",
            "hasInstallScript": true,
            "license": "MIT",
            "dependencies": {
                "node-gyp-build": "^4.3.0"
            },
            "engines": {
                "node": ">=6.14.2"
            }
        },
        "node_modules/chalk": {
            "version": "4.1.2",
            "resolved": "https://registry.npmjs.org/chalk/-/chalk-4.1.2.tgz",
            "integrity": "sha512-oKnbhFyRIXpUuez8iBMmyEa4nbj4IOQyuhc/wy9kY7/WVPcwIO9VA668Pu8RkO7+0G76SLROeyw9CpQ061i4mA==",
            "license": "MIT",
            "dependencies": {
                "ansi-styles": "^4.1.0",
                "supports-color": "^7.1.0"
            },
            "engines": {
                "node": ">=10"
            },
            "funding": {
                "url": "https://github.com/chalk/chalk?sponsor=1"
            }
        },
        "node_modules/cli-width": {
            "version": "4.1.0",
            "resolved": "https://registry.npmjs.org/cli-width/-/cli-width-4.1.0.tgz",
            "integrity": "sha512-ouuZd4/dm2Sw5Gmqy6bGyNNNe1qt9RpmxveLSO7KcgsTnU7RXfsw+/bukWGo1abgBiMAic068rclZsO4IWmmxQ==",
            "license": "ISC",
            "engines": {
                "node": ">= 12"
            }
        },
        "node_modules/cliui": {
            "version": "8.0.1",
            "resolved": "https://registry.npmjs.org/cliui/-/cliui-8.0.1.tgz",
            "integrity": "sha512-BSeNnyus75C4//NQ9gQt1/csTXyo/8Sb+afLAkzAptFuMsod9HFokGNudZpi/oQV73hnVK+sR+5PVRMd+Dr7YQ==",
            "license": "ISC",
            "dependencies": {
                "string-width": "^4.2.0",
                "strip-ansi": "^6.0.1",
                "wrap-ansi": "^7.0.0"
            },
            "engines": {
                "node": ">=12"
            }
        },
        "node_modules/cliui/node_modules/wrap-ansi": {
            "version": "7.0.0",
            "resolved": "https://registry.npmjs.org/wrap-ansi/-/wrap-ansi-7.0.0.tgz",
            "integrity": "sha512-YVGIj2kamLSTxw6NsZjoBxfSwsn0ycdesmc4p+Q21c5zPuZ1pl+NfxVdxPtdHvmNVOQ6XSYG4AUtyt/Fi7D16Q==",
            "license": "MIT",
            "dependencies": {
                "ansi-styles": "^4.0.0",
                "string-width": "^4.1.0",
                "strip-ansi": "^6.0.0"
            },
            "engines": {
                "node": ">=10"
            },
            "funding": {
                "url": "https://github.com/chalk/wrap-ansi?sponsor=1"
            }
        },
        "node_modules/color-convert": {
            "version": "2.0.1",
            "resolved": "https://registry.npmjs.org/color-convert/-/color-convert-2.0.1.tgz",
            "integrity": "sha512-RRECPsj7iu/xb5oKYcsFHSppFNnsj/52OVTRKb4zP5onXwVF3zVmmToNcOfGC+CRDpfK/U584fMg38ZHCaElKQ==",
            "license": "MIT",
            "dependencies": {
                "color-name": "~1.1.4"
            },
            "engines": {
                "node": ">=7.0.0"
            }
        },
        "node_modules/color-name": {
            "version": "1.1.4",
            "resolved": "https://registry.npmjs.org/color-name/-/color-name-1.1.4.tgz",
            "integrity": "sha512-dOy+3AuW3a2wNbZHIuMZpTcgjGuLU/uBL/ubcZF9OXbDo8ff4O8yVp5Bf0efS8uEoYo5q4Fx7dY9OgQGXgAsQA==",
            "license": "MIT"
        },
        "node_modules/cookie": {
            "version": "0.5.0",
            "resolved": "https://registry.npmjs.org/cookie/-/cookie-0.5.0.tgz",
            "integrity": "sha512-YZ3GUyn/o8gfKJlnlX7g7xq4gyO6OSuhGPKaaGssGB2qgDUS0gPgtTvoyZLTt9Ab6dC4hfc9dV5arkvc/OCmrw==",
            "license": "MIT",
            "engines": {
                "node": ">= 0.6"
            }
        },
        "node_modules/emoji-regex": {
            "version": "8.0.0",
            "resolved": "https://registry.npmjs.org/emoji-regex/-/emoji-regex-8.0.0.tgz",
            "integrity": "sha512-MSjYzcWNOA0ewAHpz0MxpYFvwg6yjy1NG3xteoqz644VCo/RPgnr1/GGt+ic3iJTzQ8Eu3TdM14SawnVUmGE6A==",
            "license": "MIT"
        },
        "node_modules/escalade": {
            "version": "3.2.0",
            "resolved": "https://registry.npmjs.org/escalade/-/escalade-3.2.0.tgz",
            "integrity": "sha512-WUj2qlxaQtO4g6Pq5c29GTcWGDyd8itL8zTlipgECz3JesAiiOKotd8JU6otB3PACgG6xkJUyVhboMS+bje/jA==",
            "license": "MIT",
            "engines": {
                "node": ">=6"
            }
        },
        "node_modules/eventsource": {
            "version": "2.0.2",
            "resolved": "https://registry.npmjs.org/eventsource/-/eventsource-2.0.2.tgz",
            "integrity": "sha512-IzUmBGPR3+oUG9dUeXynyNmf91/3zUSJg1lCktzKw47OXuhco54U3r9B7O4XX+Rb1Itm9OZ2b0RkTs10bICOxA==",
            "license": "MIT",
            "engines": {
                "node": ">=12.0.0"
            }
        },
        "node_modules/fetch-event-stream": {
            "version": "0.1.5",
            "resolved": "https://registry.npmjs.org/fetch-event-stream/-/fetch-event-stream-0.1.5.tgz",
            "integrity": "sha512-V1PWovkspxQfssq/NnxoEyQo1DV+MRK/laPuPblIZmSjMN8P5u46OhlFQznSr9p/t0Sp8Uc6SbM3yCMfr0KU8g==",
            "license": "MIT"
        },
        "node_modules/get-caller-file": {
            "version": "2.0.5",
            "resolved": "https://registry.npmjs.org/get-caller-file/-/get-caller-file-2.0.5.tgz",
            "integrity": "sha512-DyFP3BM/3YHTQOCUL/w0OZHR0lpKeGrxotcHWcqNEdnltqFwXVfhEBQ94eIo34AfQpo0rGki4cyIiftY06h2Fg==",
            "license": "ISC",
            "engines": {
                "node": "6.* || 8.* || >= 10.*"
            }
        },
        "node_modules/graphql": {
            "version": "16.9.0",
            "resolved": "https://registry.npmjs.org/graphql/-/graphql-16.9.0.tgz",
            "integrity": "sha512-GGTKBX4SD7Wdb8mqeDLni2oaRGYQWjWHGKPQ24ZMnUtKfcsVoiv4uX8+LJr1K6U5VW2Lu1BwJnj7uiori0YtRw==",
            "license": "MIT",
            "engines": {
                "node": "^12.22.0 || ^14.16.0 || ^16.0.0 || >=17.0.0"
            }
        },
        "node_modules/has-flag": {
            "version": "4.0.0",
            "resolved": "https://registry.npmjs.org/has-flag/-/has-flag-4.0.0.tgz",
            "integrity": "sha512-EykJT/Q1KjTWctppgIAgfSO0tKVuZUjhgMr17kqTumMl6Afv3EISleU7qZUzoXDFTAHTDC4NOoG/ZxU3EvlMPQ==",
            "license": "MIT",
            "engines": {
                "node": ">=8"
            }
        },
        "node_modules/headers-polyfill": {
            "version": "4.0.3",
            "resolved": "https://registry.npmjs.org/headers-polyfill/-/headers-polyfill-4.0.3.tgz",
            "integrity": "sha512-IScLbePpkvO846sIwOtOTDjutRMWdXdJmXdMvk6gCBHxFO8d+QKOQedyZSxFTTFYRSmlgSTDtXqqq4pcenBXLQ==",
            "license": "MIT"
        },
        "node_modules/is-fullwidth-code-point": {
            "version": "3.0.0",
            "resolved": "https://registry.npmjs.org/is-fullwidth-code-point/-/is-fullwidth-code-point-3.0.0.tgz",
            "integrity": "sha512-zymm5+u+sCsSWyD9qNaejV3DFvhCKclKdizYaJUuHA83RLjb7nSuGnddCHGv0hk+KY7BMAlsWeK4Ueg6EV6XQg==",
            "license": "MIT",
            "engines": {
                "node": ">=8"
            }
        },
        "node_modules/is-node-process": {
            "version": "1.2.0",
            "resolved": "https://registry.npmjs.org/is-node-process/-/is-node-process-1.2.0.tgz",
            "integrity": "sha512-Vg4o6/fqPxIjtxgUH5QLJhwZ7gW5diGCVlXpuUfELC62CuxM1iHcRe51f2W1FDy04Ai4KJkagKjx3XaqyfRKXw==",
            "license": "MIT"
        },
        "node_modules/msw": {
            "version": "2.4.8",
            "resolved": "https://registry.npmjs.org/msw/-/msw-2.4.8.tgz",
            "integrity": "sha512-a+FUW1m5yT8cV9GBy0L/cbNg0EA4//SKEzgu3qFrpITrWYeZmqfo7dqtM74T2lAl69jjUjjCaEhZKaxG2Ns8DA==",
            "hasInstallScript": true,
            "license": "MIT",
            "dependencies": {
                "@bundled-es-modules/cookie": "^2.0.0",
                "@bundled-es-modules/statuses": "^1.0.1",
                "@bundled-es-modules/tough-cookie": "^0.1.6",
                "@inquirer/confirm": "^3.0.0",
                "@mswjs/interceptors": "^0.35.6",
                "@open-draft/until": "^2.1.0",
                "@types/cookie": "^0.6.0",
                "@types/statuses": "^2.0.4",
                "chalk": "^4.1.2",
                "graphql": "^16.8.1",
                "headers-polyfill": "^4.0.2",
                "is-node-process": "^1.2.0",
                "outvariant": "^1.4.2",
                "path-to-regexp": "^6.3.0",
                "strict-event-emitter": "^0.5.1",
                "type-fest": "^4.9.0",
                "yargs": "^17.7.2"
            },
            "bin": {
                "msw": "cli/index.js"
            },
            "engines": {
                "node": ">=18"
            },
            "funding": {
                "url": "https://github.com/sponsors/mswjs"
            },
            "peerDependencies": {
                "typescript": ">= 4.8.x"
            },
            "peerDependenciesMeta": {
                "typescript": {
                    "optional": true
                }
            }
        },
        "node_modules/mute-stream": {
            "version": "1.0.0",
            "resolved": "https://registry.npmjs.org/mute-stream/-/mute-stream-1.0.0.tgz",
            "integrity": "sha512-avsJQhyd+680gKXyG/sQc0nXaC6rBkPOfyHYcFb9+hdkqQkR9bdnkJ0AMZhke0oesPqIO+mFFJ+IdBc7mst4IA==",
            "license": "ISC",
            "engines": {
                "node": "^14.17.0 || ^16.13.0 || >=18.0.0"
            }
        },
        "node_modules/node-gyp-build": {
            "version": "4.8.2",
            "resolved": "https://registry.npmjs.org/node-gyp-build/-/node-gyp-build-4.8.2.tgz",
            "integrity": "sha512-IRUxE4BVsHWXkV/SFOut4qTlagw2aM8T5/vnTsmrHJvVoKueJHRc/JaFND7QDDc61kLYUJ6qlZM3sqTSyx2dTw==",
            "license": "MIT",
            "bin": {
                "node-gyp-build": "bin.js",
                "node-gyp-build-optional": "optional.js",
                "node-gyp-build-test": "build-test.js"
            }
        },
        "node_modules/outvariant": {
            "version": "1.4.3",
            "resolved": "https://registry.npmjs.org/outvariant/-/outvariant-1.4.3.tgz",
            "integrity": "sha512-+Sl2UErvtsoajRDKCE5/dBz4DIvHXQQnAxtQTF04OJxY0+DyZXSo5P5Bb7XYWOh81syohlYL24hbDwxedPUJCA==",
            "license": "MIT"
        },
        "node_modules/path-to-regexp": {
            "version": "6.3.0",
            "resolved": "https://registry.npmjs.org/path-to-regexp/-/path-to-regexp-6.3.0.tgz",
            "integrity": "sha512-Yhpw4T9C6hPpgPeA28us07OJeqZ5EzQTkbfwuhsUg0c237RomFoETJgmp2sa3F/41gfLE6G5cqcYwznmeEeOlQ==",
            "license": "MIT"
        },
        "node_modules/psl": {
            "version": "1.9.0",
            "resolved": "https://registry.npmjs.org/psl/-/psl-1.9.0.tgz",
            "integrity": "sha512-E/ZsdU4HLs/68gYzgGTkMicWTLPdAftJLfJFlLUAAKZGkStNU72sZjT66SnMDVOfOWY/YAoiD7Jxa9iHvngcag==",
            "license": "MIT"
        },
        "node_modules/punycode": {
            "version": "2.3.1",
            "resolved": "https://registry.npmjs.org/punycode/-/punycode-2.3.1.tgz",
            "integrity": "sha512-vYt7UD1U9Wg6138shLtLOvdAu+8DsC/ilFtEVHcH+wydcSpNE20AfSOduf6MkRFahL5FY7X1oU7nKVZFtfq8Fg==",
            "license": "MIT",
            "engines": {
                "node": ">=6"
            }
        },
        "node_modules/querystringify": {
            "version": "2.2.0",
            "resolved": "https://registry.npmjs.org/querystringify/-/querystringify-2.2.0.tgz",
            "integrity": "sha512-FIqgj2EUvTa7R50u0rGsyTftzjYmv/a3hO345bZNrqabNqjtgiDMgmo4mkUjd+nzU5oF3dClKqFIPUKybUyqoQ==",
            "license": "MIT"
        },
        "node_modules/require-directory": {
            "version": "2.1.1",
            "resolved": "https://registry.npmjs.org/require-directory/-/require-directory-2.1.1.tgz",
            "integrity": "sha512-fGxEI7+wsG9xrvdjsrlmL22OMTTiHRwAMroiEeMgq8gzoLC/PQr7RsRDSTLUg/bZAZtF+TVIkHc6/4RIKrui+Q==",
            "license": "MIT",
            "engines": {
                "node": ">=0.10.0"
            }
        },
        "node_modules/requires-port": {
            "version": "1.0.0",
            "resolved": "https://registry.npmjs.org/requires-port/-/requires-port-1.0.0.tgz",
            "integrity": "sha512-KigOCHcocU3XODJxsu8i/j8T9tzT4adHiecwORRQ0ZZFcp7ahwXuRU1m+yuO90C5ZUyGeGfocHDI14M3L3yDAQ==",
            "license": "MIT"
        },
        "node_modules/semiver": {
            "version": "1.1.0",
            "resolved": "https://registry.npmjs.org/semiver/-/semiver-1.1.0.tgz",
            "integrity": "sha512-QNI2ChmuioGC1/xjyYwyZYADILWyW6AmS1UH6gDj/SFUUUS4MBAWs/7mxnkRPc/F4iHezDP+O8t0dO8WHiEOdg==",
            "license": "MIT",
            "engines": {
                "node": ">=6"
            }
        },
        "node_modules/signal-exit": {
            "version": "4.1.0",
            "resolved": "https://registry.npmjs.org/signal-exit/-/signal-exit-4.1.0.tgz",
            "integrity": "sha512-bzyZ1e88w9O1iNJbKnOlvYTrWPDl46O1bG0D3XInv+9tkPrxrN8jUUTiFlDkkmKWgn1M6CfIA13SuGqOa9Korw==",
            "license": "ISC",
            "engines": {
                "node": ">=14"
            },
            "funding": {
                "url": "https://github.com/sponsors/isaacs"
            }
        },
        "node_modules/statuses": {
            "version": "2.0.1",
            "resolved": "https://registry.npmjs.org/statuses/-/statuses-2.0.1.tgz",
            "integrity": "sha512-RwNA9Z/7PrK06rYLIzFMlaF+l73iwpzsqRIFgbMLbTcLD6cOao82TaWefPXQvB2fOC4AjuYSEndS7N/mTCbkdQ==",
            "license": "MIT",
            "engines": {
                "node": ">= 0.8"
            }
        },
        "node_modules/strict-event-emitter": {
            "version": "0.5.1",
            "resolved": "https://registry.npmjs.org/strict-event-emitter/-/strict-event-emitter-0.5.1.tgz",
            "integrity": "sha512-vMgjE/GGEPEFnhFub6pa4FmJBRBVOLpIII2hvCZ8Kzb7K0hlHo7mQv6xYrBvCL2LtAIBwFUK8wvuJgTVSQ5MFQ==",
            "license": "MIT"
        },
        "node_modules/string-width": {
            "version": "4.2.3",
            "resolved": "https://registry.npmjs.org/string-width/-/string-width-4.2.3.tgz",
            "integrity": "sha512-wKyQRQpjJ0sIp62ErSZdGsjMJWsap5oRNihHhu6G7JVO/9jIB6UyevL+tXuOqrng8j/cxKTWyWUwvSTriiZz/g==",
            "license": "MIT",
            "dependencies": {
                "emoji-regex": "^8.0.0",
                "is-fullwidth-code-point": "^3.0.0",
                "strip-ansi": "^6.0.1"
            },
            "engines": {
                "node": ">=8"
            }
        },
        "node_modules/strip-ansi": {
            "version": "6.0.1",
            "resolved": "https://registry.npmjs.org/strip-ansi/-/strip-ansi-6.0.1.tgz",
            "integrity": "sha512-Y38VPSHcqkFrCpFnQ9vuSXmquuv5oXOKpGeT6aGrr3o3Gc9AlVa6JBfUSOCnbxGGZF+/0ooI7KrPuUSztUdU5A==",
            "license": "MIT",
            "dependencies": {
                "ansi-regex": "^5.0.1"
            },
            "engines": {
                "node": ">=8"
            }
        },
        "node_modules/supports-color": {
            "version": "7.2.0",
            "resolved": "https://registry.npmjs.org/supports-color/-/supports-color-7.2.0.tgz",
            "integrity": "sha512-qpCAvRl9stuOHveKsn7HncJRvv501qIacKzQlO/+Lwxc9+0q2wLyv4Dfvt80/DPn2pqOBsJdDiogXGR9+OvwRw==",
            "license": "MIT",
            "dependencies": {
                "has-flag": "^4.0.0"
            },
            "engines": {
                "node": ">=8"
            }
        },
        "node_modules/textlinestream": {
            "version": "1.1.1",
            "resolved": "https://registry.npmjs.org/textlinestream/-/textlinestream-1.1.1.tgz",
            "integrity": "sha512-iBHbi7BQxrFmwZUQJsT0SjNzlLLsXhvW/kg7EyOMVMBIrlnj/qYofwo1LVLZi+3GbUEo96Iu2eqToI2+lZoAEQ==",
            "license": "MIT"
        },
        "node_modules/tough-cookie": {
            "version": "4.1.4",
            "resolved": "https://registry.npmjs.org/tough-cookie/-/tough-cookie-4.1.4.tgz",
            "integrity": "sha512-Loo5UUvLD9ScZ6jh8beX1T6sO1w2/MpCRpEP7V280GKMVUQ0Jzar2U3UJPsrdbziLEMMhu3Ujnq//rhiFuIeag==",
            "license": "BSD-3-Clause",
            "dependencies": {
                "psl": "^1.1.33",
                "punycode": "^2.1.1",
                "universalify": "^0.2.0",
                "url-parse": "^1.5.3"
            },
            "engines": {
                "node": ">=6"
            }
        },
        "node_modules/type-fest": {
            "version": "4.26.1",
            "resolved": "https://registry.npmjs.org/type-fest/-/type-fest-4.26.1.tgz",
            "integrity": "sha512-yOGpmOAL7CkKe/91I5O3gPICmJNLJ1G4zFYVAsRHg7M64biSnPtRj0WNQt++bRkjYOqjWXrhnUw1utzmVErAdg==",
            "license": "(MIT OR CC0-1.0)",
            "engines": {
                "node": ">=16"
            },
            "funding": {
                "url": "https://github.com/sponsors/sindresorhus"
            }
        },
        "node_modules/typescript": {
            "version": "5.6.2",
            "resolved": "https://registry.npmjs.org/typescript/-/typescript-5.6.2.tgz",
            "integrity": "sha512-NW8ByodCSNCwZeghjN3o+JX5OFH0Ojg6sadjEKY4huZ52TqbJTJnDo5+Tw98lSy63NZvi4n+ez5m2u5d4PkZyw==",
            "license": "Apache-2.0",
            "bin": {
                "tsc": "bin/tsc",
                "tsserver": "bin/tsserver"
            },
            "engines": {
                "node": ">=14.17"
            }
        },
        "node_modules/undici-types": {
            "version": "6.19.8",
            "resolved": "https://registry.npmjs.org/undici-types/-/undici-types-6.19.8.tgz",
            "integrity": "sha512-ve2KP6f/JnbPBFyobGHuerC9g1FYGn/F8n1LWTwNxCEzd6IfqTwUQcNXgEtmmQ6DlRrC1hrSrBnCZPokRrDHjw==",
            "license": "MIT"
        },
        "node_modules/universalify": {
            "version": "0.2.0",
            "resolved": "https://registry.npmjs.org/universalify/-/universalify-0.2.0.tgz",
            "integrity": "sha512-CJ1QgKmNg3CwvAv/kOFmtnEN05f0D/cn9QntgNOQlQF9dgvVTHj3t+8JPdjqawCHk7V/KA+fbUqzZ9XWhcqPUg==",
            "license": "MIT",
            "engines": {
                "node": ">= 4.0.0"
            }
        },
        "node_modules/url-parse": {
            "version": "1.5.10",
            "resolved": "https://registry.npmjs.org/url-parse/-/url-parse-1.5.10.tgz",
            "integrity": "sha512-WypcfiRhfeUP9vvF0j6rw0J3hrWrw6iZv3+22h6iRMJ/8z1Tj6XfLP4DsUix5MhMPnXpiHDoKyoZ/bdCkwBCiQ==",
            "license": "MIT",
            "dependencies": {
                "querystringify": "^2.1.1",
                "requires-port": "^1.0.0"
            }
        },
        "node_modules/wrap-ansi": {
            "version": "6.2.0",
            "resolved": "https://registry.npmjs.org/wrap-ansi/-/wrap-ansi-6.2.0.tgz",
            "integrity": "sha512-r6lPcBGxZXlIcymEu7InxDMhdW0KDxpLgoFLcguasxCaJ/SOIZwINatK9KY/tf+ZrlywOKU0UDj3ATXUBfxJXA==",
            "license": "MIT",
            "dependencies": {
                "ansi-styles": "^4.0.0",
                "string-width": "^4.1.0",
                "strip-ansi": "^6.0.0"
            },
            "engines": {
                "node": ">=8"
            }
        },
        "node_modules/ws": {
            "version": "8.18.0",
            "resolved": "https://registry.npmjs.org/ws/-/ws-8.18.0.tgz",
            "integrity": "sha512-8VbfWfHLbbwu3+N6OKsOMpBdT4kXPDDB9cJk2bJ6mh9ucxdlnNvH1e+roYkKmN9Nxw2yjz7VzeO9oOz2zJ04Pw==",
            "license": "MIT",
            "engines": {
                "node": ">=10.0.0"
            },
            "peerDependencies": {
                "bufferutil": "^4.0.1",
                "utf-8-validate": ">=5.0.2"
            },
            "peerDependenciesMeta": {
                "bufferutil": {
                    "optional": true
                },
                "utf-8-validate": {
                    "optional": true
                }
            }
        },
        "node_modules/y18n": {
            "version": "5.0.8",
            "resolved": "https://registry.npmjs.org/y18n/-/y18n-5.0.8.tgz",
            "integrity": "sha512-0pfFzegeDWJHJIAmTLRP2DwHjdF5s7jo9tuztdQxAhINCdvS+3nGINqPd00AphqJR/0LhANUS6/+7SCb98YOfA==",
            "license": "ISC",
            "engines": {
                "node": ">=10"
            }
        },
        "node_modules/yargs": {
            "version": "17.7.2",
            "resolved": "https://registry.npmjs.org/yargs/-/yargs-17.7.2.tgz",
            "integrity": "sha512-7dSzzRQ++CKnNI/krKnYRV7JKKPUXMEh61soaHKg9mrWEhzFWhFnxPxGl+69cD1Ou63C13NUPCnmIcrvqCuM6w==",
            "license": "MIT",
            "dependencies": {
                "cliui": "^8.0.1",
                "escalade": "^3.1.1",
                "get-caller-file": "^2.0.5",
                "require-directory": "^2.1.1",
                "string-width": "^4.2.3",
                "y18n": "^5.0.5",
                "yargs-parser": "^21.1.1"
            },
            "engines": {
                "node": ">=12"
            }
        },
        "node_modules/yargs-parser": {
            "version": "21.1.1",
            "resolved": "https://registry.npmjs.org/yargs-parser/-/yargs-parser-21.1.1.tgz",
            "integrity": "sha512-tVpsJW7DdjecAiFpbIB1e3qxIQsE6NoPc5/eTdrbbIC4h0LVsWhnoa3g+m2HclBIujHzsxZ4VJVA+GUuc2/LBw==",
            "license": "ISC",
            "engines": {
                "node": ">=12"
            }
        },
        "node_modules/yoctocolors-cjs": {
            "version": "2.1.2",
            "resolved": "https://registry.npmjs.org/yoctocolors-cjs/-/yoctocolors-cjs-2.1.2.tgz",
            "integrity": "sha512-cYVsTjKl8b+FrnidjibDWskAv7UKOfcwaVZdp/it9n1s9fU3IkgDbhdIRKCW4JDsAlECJY0ytoVPT3sK6kideA==",
            "license": "MIT",
            "engines": {
                "node": ">=18"
            },
            "funding": {
                "url": "https://github.com/sponsors/sindresorhus"
            }
        }
    }
}
